
Microsoft Visual Studio Solution File, Format Version 12.00
# Visual Studio Version 16
VisualStudioVersion = 16.0.28803.452
MinimumVisualStudioVersion = 10.0.40219.1
Project("{2150E333-8FDC-42A3-9474-1A3956D46DE8}") = "WebSocket", "WebSocket", "{FCCC191F-2368-40C7-8400-3922A491AB4E}"
EndProject
Project("{9A19103F-16F7-4668-BE54-9A1E7A4F7556}") = "WebSocketsPlayground", "WebSocketsPlayground\WebSocketsPlayground.csproj", "{2037A7FA-41CC-43A0-8CD5-BC7B4CC44C63}"
EndProject
Project("{2150E333-8FDC-42A3-9474-1A3956D46DE8}") = "OdeToFoodNetCore", "OdeToFoodNetCore", "{CBD51F1D-0429-40A1-93D4-1AEBE258ADE6}"
EndProject
Project("{9A19103F-16F7-4668-BE54-9A1E7A4F7556}") = "OdeToFood.Core", "OdeToFood.Core\OdeToFood.Core.csproj", "{23497C65-C60F-4D1F-9723-523F67630435}"
EndProject
Project("{9A19103F-16F7-4668-BE54-9A1E7A4F7556}") = "OdeToFood.Data", "OdeToFood.Data\OdeToFood.Data.csproj", "{967A4623-0F6A-4DAA-994F-38016D5AADC2}"
EndProject
Project("{9A19103F-16F7-4668-BE54-9A1E7A4F7556}") = "OdeToFood", "OdeToFood\OdeToFood.csproj", "{BA56746F-0592-48C4-859F-F5133CC78134}"
EndProject
Project("{2150E333-8FDC-42A3-9474-1A3956D46DE8}") = "ErrorHandling", "ErrorHandling", "{D979AF48-4218-4E1D-BDB6-88343474E28C}"
EndProject
Project("{9A19103F-16F7-4668-BE54-9A1E7A4F7556}") = "ErrorHandlingPlayground", "ErrorHandlingPlayground\ErrorHandlingPlayground.csproj", "{726C4445-AA55-40C6-98D0-4CB9C1FF0D57}"
EndProject
Project("{2150E333-8FDC-42A3-9474-1A3956D46DE8}") = "HttpRequests", "HttpRequests", "{F8DB85F2-B84B-449C-A307-50C4311167FD}"
EndProject
Project("{9A19103F-16F7-4668-BE54-9A1E7A4F7556}") = "MakeHttpRequestsPlayground", "MakeHttpRequestsPlayground\MakeHttpRequestsPlayground.csproj", "{799F4694-2B4B-4674-93CC-8861C5EB7B5A}"
EndProject
Project("{2150E333-8FDC-42A3-9474-1A3956D46DE8}") = "StaticFiles", "StaticFiles", "{8E96614B-B232-4E2A-8802-E8D3B032A0D1}"
EndProject
Project("{FAE04EC0-301F-11D3-BF4B-00C04F79EFBC}") = "StaticFilesPlayground", "StaticFilesPlayground\StaticFilesPlayground.csproj", "{A92185B9-4B09-4277-ACCD-151A836E909B}"
EndProject
Global
	GlobalSection(SolutionConfigurationPlatforms) = preSolution
		Debug|Any CPU = Debug|Any CPU
		Release|Any CPU = Release|Any CPU
	EndGlobalSection
	GlobalSection(ProjectConfigurationPlatforms) = postSolution
		{2037A7FA-41CC-43A0-8CD5-BC7B4CC44C63}.Debug|Any CPU.ActiveCfg = Debug|Any CPU
		{2037A7FA-41CC-43A0-8CD5-BC7B4CC44C63}.Debug|Any CPU.Build.0 = Debug|Any CPU
		{2037A7FA-41CC-43A0-8CD5-BC7B4CC44C63}.Release|Any CPU.ActiveCfg = Release|Any CPU
		{2037A7FA-41CC-43A0-8CD5-BC7B4CC44C63}.Release|Any CPU.Build.0 = Release|Any CPU
		{23497C65-C60F-4D1F-9723-523F67630435}.Debug|Any CPU.ActiveCfg = Debug|Any CPU
		{23497C65-C60F-4D1F-9723-523F67630435}.Debug|Any CPU.Build.0 = Debug|Any CPU
		{23497C65-C60F-4D1F-9723-523F67630435}.Release|Any CPU.ActiveCfg = Release|Any CPU
		{23497C65-C60F-4D1F-9723-523F67630435}.Release|Any CPU.Build.0 = Release|Any CPU
		{967A4623-0F6A-4DAA-994F-38016D5AADC2}.Debug|Any CPU.ActiveCfg = Debug|Any CPU
		{967A4623-0F6A-4DAA-994F-38016D5AADC2}.Debug|Any CPU.Build.0 = Debug|Any CPU
		{967A4623-0F6A-4DAA-994F-38016D5AADC2}.Release|Any CPU.ActiveCfg = Release|Any CPU
		{967A4623-0F6A-4DAA-994F-38016D5AADC2}.Release|Any CPU.Build.0 = Release|Any CPU
		{BA56746F-0592-48C4-859F-F5133CC78134}.Debug|Any CPU.ActiveCfg = Debug|Any CPU
		{BA56746F-0592-48C4-859F-F5133CC78134}.Debug|Any CPU.Build.0 = Debug|Any CPU
		{BA56746F-0592-48C4-859F-F5133CC78134}.Release|Any CPU.ActiveCfg = Release|Any CPU
		{BA56746F-0592-48C4-859F-F5133CC78134}.Release|Any CPU.Build.0 = Release|Any CPU
		{726C4445-AA55-40C6-98D0-4CB9C1FF0D57}.Debug|Any CPU.ActiveCfg = Debug|Any CPU
		{726C4445-AA55-40C6-98D0-4CB9C1FF0D57}.Debug|Any CPU.Build.0 = Debug|Any CPU
		{726C4445-AA55-40C6-98D0-4CB9C1FF0D57}.Release|Any CPU.ActiveCfg = Release|Any CPU
		{726C4445-AA55-40C6-98D0-4CB9C1FF0D57}.Release|Any CPU.Build.0 = Release|Any CPU
		{799F4694-2B4B-4674-93CC-8861C5EB7B5A}.Debug|Any CPU.ActiveCfg = Debug|Any CPU
		{799F4694-2B4B-4674-93CC-8861C5EB7B5A}.Debug|Any CPU.Build.0 = Debug|Any CPU
		{799F4694-2B4B-4674-93CC-8861C5EB7B5A}.Release|Any CPU.ActiveCfg = Release|Any CPU
		{799F4694-2B4B-4674-93CC-8861C5EB7B5A}.Release|Any CPU.Build.0 = Release|Any CPU
		{A92185B9-4B09-4277-ACCD-151A836E909B}.Debug|Any CPU.ActiveCfg = Debug|Any CPU
		{A92185B9-4B09-4277-ACCD-151A836E909B}.Debug|Any CPU.Build.0 = Debug|Any CPU
		{A92185B9-4B09-4277-ACCD-151A836E909B}.Release|Any CPU.ActiveCfg = Release|Any CPU
		{A92185B9-4B09-4277-ACCD-151A836E909B}.Release|Any CPU.Build.0 = Release|Any CPU
	EndGlobalSection
	GlobalSection(SolutionProperties) = preSolution
		HideSolutionNode = FALSE
	EndGlobalSection
	GlobalSection(NestedProjects) = preSolution
		{2037A7FA-41CC-43A0-8CD5-BC7B4CC44C63} = {FCCC191F-2368-40C7-8400-3922A491AB4E}
		{23497C65-C60F-4D1F-9723-523F67630435} = {CBD51F1D-0429-40A1-93D4-1AEBE258ADE6}
		{967A4623-0F6A-4DAA-994F-38016D5AADC2} = {CBD51F1D-0429-40A1-93D4-1AEBE258ADE6}
		{BA56746F-0592-48C4-859F-F5133CC78134} = {CBD51F1D-0429-40A1-93D4-1AEBE258ADE6}
		{726C4445-AA55-40C6-98D0-4CB9C1FF0D57} = {D979AF48-4218-4E1D-BDB6-88343474E28C}
		{799F4694-2B4B-4674-93CC-8861C5EB7B5A} = {F8DB85F2-B84B-449C-A307-50C4311167FD}
		{A92185B9-4B09-4277-ACCD-151A836E909B} = {8E96614B-B232-4E2A-8802-E8D3B032A0D1}
	EndGlobalSection
	GlobalSection(ExtensibilityGlobals) = postSolution
		SolutionGuid = {3A32DEA3-55EB-403E-9FD3-85045BD7C82C}
	EndGlobalSection
EndGlobal
